
Microsoft Visual Studio Solution File, Format Version 12.00
# Visual Studio Version 16
VisualStudioVersion = 16.0.29102.190
MinimumVisualStudioVersion = 10.0.40219.1
Project("{9A19103F-16F7-4668-BE54-9A1E7A4F7556}") = "CredentialBusiness", "CredentialBusiness\CredentialBusiness.csproj", "{AA844A36-CE89-4382-AC22-7C2BCF2288C1}"
EndProject
Project("{9A19103F-16F7-4668-BE54-9A1E7A4F7556}") = "CredentialData", "CredentialData\CredentialData.csproj", "{5E9DD2B3-0C49-4008-8226-939B058C9133}"
EndProject
Project("{00D1A9C2-B5F0-4AF3-8072-F6C62B433612}") = "CredentialDatabase", "CredentialDatabase\CredentialDatabase.sqlproj", "{FA2DE703-9032-43E4-BF7D-5298A06426C5}"
EndProject
Project("{9A19103F-16F7-4668-BE54-9A1E7A4F7556}") = "CredentialEntity", "CredentialEntity\CredentialEntity.csproj", "{649920C3-FFFF-448B-912D-0FD7C7FA8022}"
EndProject
Project("{9A19103F-16F7-4668-BE54-9A1E7A4F7556}") = "CredentialModel", "CredentialModel\CredentialModel.csproj", "{1DDDCDF3-3485-44D3-8AB7-DFC9A10CAD62}"
EndProject
Project("{9A19103F-16F7-4668-BE54-9A1E7A4F7556}") = "CredentialWebApi", "CredentialWebApi\CredentialWebApi.csproj", "{D11611B3-1DA8-41F6-8383-F269B480FA69}"
EndProject
Project("{9A19103F-16F7-4668-BE54-9A1E7A4F7556}") = "BaseData", "..\..\BaseSolution\BaseData\BaseData.csproj", "{2D01DFC7-E9BB-49DD-9076-E9E2026A0D03}"
EndProject
Project("{9A19103F-16F7-4668-BE54-9A1E7A4F7556}") = "BaseEntity", "..\..\BaseSolution\BaseEntity\BaseEntity.csproj", "{E5C685D0-2279-471B-82F2-F0B871A6BC6C}"
EndProject
Project("{9A19103F-16F7-4668-BE54-9A1E7A4F7556}") = "BaseModel", "..\..\BaseSolution\BaseModel\BaseModel.csproj", "{7B7F16B4-FB74-46AA-B192-E779BF04B038}"
EndProject
Global
	GlobalSection(SolutionConfigurationPlatforms) = preSolution
		Debug|Any CPU = Debug|Any CPU
		Release|Any CPU = Release|Any CPU
	EndGlobalSection
	GlobalSection(ProjectConfigurationPlatforms) = postSolution
		{AA844A36-CE89-4382-AC22-7C2BCF2288C1}.Debug|Any CPU.ActiveCfg = Debug|Any CPU
		{AA844A36-CE89-4382-AC22-7C2BCF2288C1}.Debug|Any CPU.Build.0 = Debug|Any CPU
		{AA844A36-CE89-4382-AC22-7C2BCF2288C1}.Release|Any CPU.ActiveCfg = Release|Any CPU
		{AA844A36-CE89-4382-AC22-7C2BCF2288C1}.Release|Any CPU.Build.0 = Release|Any CPU
		{5E9DD2B3-0C49-4008-8226-939B058C9133}.Debug|Any CPU.ActiveCfg = Debug|Any CPU
		{5E9DD2B3-0C49-4008-8226-939B058C9133}.Debug|Any CPU.Build.0 = Debug|Any CPU
		{5E9DD2B3-0C49-4008-8226-939B058C9133}.Release|Any CPU.ActiveCfg = Release|Any CPU
		{5E9DD2B3-0C49-4008-8226-939B058C9133}.Release|Any CPU.Build.0 = Release|Any CPU
		{FA2DE703-9032-43E4-BF7D-5298A06426C5}.Debug|Any CPU.ActiveCfg = Debug|Any CPU
		{FA2DE703-9032-43E4-BF7D-5298A06426C5}.Debug|Any CPU.Build.0 = Debug|Any CPU
		{FA2DE703-9032-43E4-BF7D-5298A06426C5}.Debug|Any CPU.Deploy.0 = Debug|Any CPU
		{FA2DE703-9032-43E4-BF7D-5298A06426C5}.Release|Any CPU.ActiveCfg = Release|Any CPU
		{FA2DE703-9032-43E4-BF7D-5298A06426C5}.Release|Any CPU.Build.0 = Release|Any CPU
		{FA2DE703-9032-43E4-BF7D-5298A06426C5}.Release|Any CPU.Deploy.0 = Release|Any CPU
		{649920C3-FFFF-448B-912D-0FD7C7FA8022}.Debug|Any CPU.ActiveCfg = Debug|Any CPU
		{649920C3-FFFF-448B-912D-0FD7C7FA8022}.Debug|Any CPU.Build.0 = Debug|Any CPU
		{649920C3-FFFF-448B-912D-0FD7C7FA8022}.Release|Any CPU.ActiveCfg = Release|Any CPU
		{649920C3-FFFF-448B-912D-0FD7C7FA8022}.Release|Any CPU.Build.0 = Release|Any CPU
		{1DDDCDF3-3485-44D3-8AB7-DFC9A10CAD62}.Debug|Any CPU.ActiveCfg = Debug|Any CPU
		{1DDDCDF3-3485-44D3-8AB7-DFC9A10CAD62}.Debug|Any CPU.Build.0 = Debug|Any CPU
		{1DDDCDF3-3485-44D3-8AB7-DFC9A10CAD62}.Release|Any CPU.ActiveCfg = Release|Any CPU
		{1DDDCDF3-3485-44D3-8AB7-DFC9A10CAD62}.Release|Any CPU.Build.0 = Release|Any CPU
		{D11611B3-1DA8-41F6-8383-F269B480FA69}.Debug|Any CPU.ActiveCfg = Debug|Any CPU
		{D11611B3-1DA8-41F6-8383-F269B480FA69}.Debug|Any CPU.Build.0 = Debug|Any CPU
		{D11611B3-1DA8-41F6-8383-F269B480FA69}.Release|Any CPU.ActiveCfg = Release|Any CPU
		{D11611B3-1DA8-41F6-8383-F269B480FA69}.Release|Any CPU.Build.0 = Release|Any CPU
		{2D01DFC7-E9BB-49DD-9076-E9E2026A0D03}.Debug|Any CPU.ActiveCfg = Debug|Any CPU
		{2D01DFC7-E9BB-49DD-9076-E9E2026A0D03}.Debug|Any CPU.Build.0 = Debug|Any CPU
		{2D01DFC7-E9BB-49DD-9076-E9E2026A0D03}.Release|Any CPU.ActiveCfg = Release|Any CPU
		{2D01DFC7-E9BB-49DD-9076-E9E2026A0D03}.Release|Any CPU.Build.0 = Release|Any CPU
		{E5C685D0-2279-471B-82F2-F0B871A6BC6C}.Debug|Any CPU.ActiveCfg = Debug|Any CPU
		{E5C685D0-2279-471B-82F2-F0B871A6BC6C}.Debug|Any CPU.Build.0 = Debug|Any CPU
		{E5C685D0-2279-471B-82F2-F0B871A6BC6C}.Release|Any CPU.ActiveCfg = Release|Any CPU
		{E5C685D0-2279-471B-82F2-F0B871A6BC6C}.Release|Any CPU.Build.0 = Release|Any CPU
		{7B7F16B4-FB74-46AA-B192-E779BF04B038}.Debug|Any CPU.ActiveCfg = Debug|Any CPU
		{7B7F16B4-FB74-46AA-B192-E779BF04B038}.Debug|Any CPU.Build.0 = Debug|Any CPU
		{7B7F16B4-FB74-46AA-B192-E779BF04B038}.Release|Any CPU.ActiveCfg = Release|Any CPU
		{7B7F16B4-FB74-46AA-B192-E779BF04B038}.Release|Any CPU.Build.0 = Release|Any CPU
	EndGlobalSection
	GlobalSection(SolutionProperties) = preSolution
		HideSolutionNode = FALSE
	EndGlobalSection
	GlobalSection(ExtensibilityGlobals) = postSolution
		SolutionGuid = {88E8541B-9AEC-419B-B382-3DB80B5650F8}
	EndGlobalSection
EndGlobal
